PODS:
  - Alamofire (4.7.0)
  - Kingfisher (4.6.4)
  - SwiftyJSON (4.0.0)
  - SWRevealViewController (2.3.0)

DEPENDENCIES:
  - Alamofire (= 4.7.0)
  - Kingfisher (= 4.6.4)
  - SwiftyJSON (= 4.0.0)
  - SWRevealViewController (= 2.3.0)

SPEC CHECKSUMS:
  Alamofire: 907e0a98eb68cdb7f9d1f541a563d6ac5dc77b25
  Kingfisher: 68498a706e46c2a050b0c9572f100e5db407f6e0
  SwiftyJSON: 070dabdcb1beb81b247c65ffa3a79dbbfb3b48aa
  SWRevealViewController: 6d3fd97f70112fd7cef9de14df4260eacce4c63a

PODFILE CHECKSUM: f6667dfaf08c4905fc61cf90772c6eb812140cab

COCOAPODS: 1.1.1
