// !$*UTF8*$!
{
	archiveVersion = 1;
	classes = {
	};
	objectVersion = 46;
	objects = {

/* Begin PBXBuildFile section */
		BF1F21151E44A0B90072E991 /* DetailViewController.swift in Sources */ = {isa = PBXBuildFile; fileRef = BF1F21141E44A0B90072E991 /* DetailViewController.swift */; };
		BF6269DE1E4888E500A67A84 /* NSDateExtensions.swift in Sources */ = {isa = PBXBuildFile; fileRef = BF6269DD1E4888E500A67A84 /* NSDateExtensions.swift */; };
		BFB706FF1E324DA800D3CDF2 /* HomeViewController.swift in Sources */ = {isa = PBXBuildFile; fileRef = BFB706FE1E324DA700D3CDF2 /* HomeViewController.swift */; };
		BFC694561E30B44D006C24C5 /* AppDelegate.swift in Sources */ = {isa = PBXBuildFile; fileRef = BFC694551E30B44D006C24C5 /* AppDelegate.swift */; };
		BFC6945B1E30B44D006C24C5 /* Main.storyboard in Resources */ = {isa = PBXBuildFile; fileRef = BFC694591E30B44D006C24C5 /* Main.storyboard */; };
		BFC6945E1E30B44D006C24C5 /* CodeMobile.xcdatamodeld in Sources */ = {isa = PBXBuildFile; fileRef = BFC6945C1E30B44D006C24C5 /* CodeMobile.xcdatamodeld */; };
		BFC694601E30B44D006C24C5 /* Assets.xcassets in Resources */ = {isa = PBXBuildFile; fileRef = BFC6945F1E30B44D006C24C5 /* Assets.xcassets */; };
		BFC694631E30B44D006C24C5 /* LaunchScreen.storyboard in Resources */ = {isa = PBXBuildFile; fileRef = BFC694611E30B44D006C24C5 /* LaunchScreen.storyboard */; };
		BFC6946C1E30BCDC006C24C5 /* ApiHandler.swift in Sources */ = {isa = PBXBuildFile; fileRef = BFC6946B1E30BCDC006C24C5 /* ApiHandler.swift */; };
		BFC694711E30BEFF006C24C5 /* ScheduleViewController.swift in Sources */ = {isa = PBXBuildFile; fileRef = BFC694701E30BEFF006C24C5 /* ScheduleViewController.swift */; };
		BFC6949C1E30EFE1006C24C5 /* CoreDataHandler.swift in Sources */ = {isa = PBXBuildFile; fileRef = BFC6949B1E30EFE1006C24C5 /* CoreDataHandler.swift */; };
		BFCA1F7D1E41EC5300BA42A2 /* ImageViewRadius.swift in Sources */ = {isa = PBXBuildFile; fileRef = BFCA1F7C1E41EC5300BA42A2 /* ImageViewRadius.swift */; };
		BFCA1F851E41F57200BA42A2 /* CollectionViewCellRadius.swift in Sources */ = {isa = PBXBuildFile; fileRef = BFCA1F841E41F57200BA42A2 /* CollectionViewCellRadius.swift */; };
		BFD989BE1E4DF8EF00F2DF67 /* MapDetailViewController.swift in Sources */ = {isa = PBXBuildFile; fileRef = BFD989BD1E4DF8EF00F2DF67 /* MapDetailViewController.swift */; };
		BFDCC7BC1E4DD314004CD420 /* Commands.swift in Sources */ = {isa = PBXBuildFile; fileRef = BFDCC7BB1E4DD314004CD420 /* Commands.swift */; };
		BFDCC7BE1E4DD322004CD420 /* Colours.swift in Sources */ = {isa = PBXBuildFile; fileRef = BFDCC7BD1E4DD322004CD420 /* Colours.swift */; };
		BFDCC7C01E4DD37D004CD420 /* Entities.swift in Sources */ = {isa = PBXBuildFile; fileRef = BFDCC7BF1E4DD37D004CD420 /* Entities.swift */; };
		BFDEFBD91E3B7DB5008C99BA /* SpeakersViewController.swift in Sources */ = {isa = PBXBuildFile; fileRef = BFDEFBD81E3B7DB5008C99BA /* SpeakersViewController.swift */; };
		BFDEFBDB1E3B7DC0008C99BA /* MapViewController.swift in Sources */ = {isa = PBXBuildFile; fileRef = BFDEFBDA1E3B7DC0008C99BA /* MapViewController.swift */; };
		BFEA19DA1E4B700300869259 /* FilterViewController.swift in Sources */ = {isa = PBXBuildFile; fileRef = BFEA19D91E4B700300869259 /* FilterViewController.swift */; };
		E6533D55B76E37ADCB29FAEE /* Pods_CodeMobile.framework in Frameworks */ = {isa = PBXBuildFile; fileRef = 39586D35D8A21E61594C59BE /* Pods_CodeMobile.framework */; };
/* End PBXBuildFile section */

/* Begin PBXFileReference section */
		1C1DB9F7928E11419EBB426D /* Pods-CodeMobile.release.xcconfig */ = {isa = PBXFileReference; includeInIndex = 1; lastKnownFileType = text.xcconfig; name = "Pods-CodeMobile.release.xcconfig"; path = "Pods/Target Support Files/Pods-CodeMobile/Pods-CodeMobile.release.xcconfig"; sourceTree = "<group>"; };
		39586D35D8A21E61594C59BE /* Pods_CodeMobile.framework */ = {isa = PBXFileReference; explicitFileType = wrapper.framework; includeInIndex = 0; path = Pods_CodeMobile.framework; sourceTree = BUILT_PRODUCTS_DIR; };
		833D53977BFEDD50DFC0CDC3 /* Pods-CodeMobile.debug.xcconfig */ = {isa = PBXFileReference; includeInIndex = 1; lastKnownFileType = text.xcconfig; name = "Pods-CodeMobile.debug.xcconfig"; path = "Pods/Target Support Files/Pods-CodeMobile/Pods-CodeMobile.debug.xcconfig"; sourceTree = "<group>"; };
		BF1F21141E44A0B90072E991 /* DetailViewController.swift */ = {isa = PBXFileReference; fileEncoding = 4; lastKnownFileType = sourcecode.swift; path = DetailViewController.swift; sourceTree = "<group>"; };
		BF6269DD1E4888E500A67A84 /* NSDateExtensions.swift */ = {isa = PBXFileReference; fileEncoding = 4; lastKnownFileType = sourcecode.swift; path = NSDateExtensions.swift; sourceTree = "<group>"; };
		BFB706FE1E324DA700D3CDF2 /* HomeViewController.swift */ = {isa = PBXFileReference; fileEncoding = 4; lastKnownFileType = sourcecode.swift; path = HomeViewController.swift; sourceTree = "<group>"; };
		BFC694521E30B44D006C24C5 /* CodeMobile.app */ = {isa = PBXFileReference; explicitFileType = wrapper.application; includeInIndex = 0; path = CodeMobile.app; sourceTree = BUILT_PRODUCTS_DIR; };
		BFC694551E30B44D006C24C5 /* AppDelegate.swift */ = {isa = PBXFileReference; lastKnownFileType = sourcecode.swift; path = AppDelegate.swift; sourceTree = "<group>"; };
		BFC6945A1E30B44D006C24C5 /* Base */ = {isa = PBXFileReference; lastKnownFileType = file.storyboard; name = Base; path = Base.lproj/Main.storyboard; sourceTree = "<group>"; };
		BFC6945D1E30B44D006C24C5 /* CodeMobile.xcdatamodel */ = {isa = PBXFileReference; lastKnownFileType = wrapper.xcdatamodel; path = CodeMobile.xcdatamodel; sourceTree = "<group>"; };
		BFC6945F1E30B44D006C24C5 /* Assets.xcassets */ = {isa = PBXFileReference; lastKnownFileType = folder.assetcatalog; path = Assets.xcassets; sourceTree = "<group>"; };
		BFC694621E30B44D006C24C5 /* Base */ = {isa = PBXFileReference; lastKnownFileType = file.storyboard; name = Base; path = Base.lproj/LaunchScreen.storyboard; sourceTree = "<group>"; };
		BFC694641E30B44D006C24C5 /* Info.plist */ = {isa = PBXFileReference; lastKnownFileType = text.plist.xml; path = Info.plist; sourceTree = "<group>"; };
		BFC6946B1E30BCDC006C24C5 /* ApiHandler.swift */ = {isa = PBXFileReference; fileEncoding = 4; lastKnownFileType = sourcecode.swift; name = ApiHandler.swift; path = ../ApiHandler.swift; sourceTree = "<group>"; };
		BFC694701E30BEFF006C24C5 /* ScheduleViewController.swift */ = {isa = PBXFileReference; fileEncoding = 4; lastKnownFileType = sourcecode.swift; path = ScheduleViewController.swift; sourceTree = "<group>"; };
		BFC6949B1E30EFE1006C24C5 /* CoreDataHandler.swift */ = {isa = PBXFileReference; fileEncoding = 4; lastKnownFileType = sourcecode.swift; path = CoreDataHandler.swift; sourceTree = "<group>"; };
		BFCA1F7C1E41EC5300BA42A2 /* ImageViewRadius.swift */ = {isa = PBXFileReference; fileEncoding = 4; lastKnownFileType = sourcecode.swift; path = ImageViewRadius.swift; sourceTree = "<group>"; };
		BFCA1F841E41F57200BA42A2 /* CollectionViewCellRadius.swift */ = {isa = PBXFileReference; fileEncoding = 4; lastKnownFileType = sourcecode.swift; path = CollectionViewCellRadius.swift; sourceTree = "<group>"; };
		BFD989BD1E4DF8EF00F2DF67 /* MapDetailViewController.swift */ = {isa = PBXFileReference; fileEncoding = 4; lastKnownFileType = sourcecode.swift; path = MapDetailViewController.swift; sourceTree = "<group>"; };
		BFDCC7BB1E4DD314004CD420 /* Commands.swift */ = {isa = PBXFileReference; fileEncoding = 4; lastKnownFileType = sourcecode.swift; path = Commands.swift; sourceTree = "<group>"; };
		BFDCC7BD1E4DD322004CD420 /* Colours.swift */ = {isa = PBXFileReference; fileEncoding = 4; lastKnownFileType = sourcecode.swift; path = Colours.swift; sourceTree = "<group>"; };
		BFDCC7BF1E4DD37D004CD420 /* Entities.swift */ = {isa = PBXFileReference; fileEncoding = 4; lastKnownFileType = sourcecode.swift; path = Entities.swift; sourceTree = "<group>"; };
		BFDEFBD81E3B7DB5008C99BA /* SpeakersViewController.swift */ = {isa = PBXFileReference; fileEncoding = 4; lastKnownFileType = sourcecode.swift; path = SpeakersViewController.swift; sourceTree = "<group>"; };
		BFDEFBDA1E3B7DC0008C99BA /* MapViewController.swift */ = {isa = PBXFileReference; fileEncoding = 4; lastKnownFileType = sourcecode.swift; path = MapViewController.swift; sourceTree = "<group>"; };
		BFEA19D81E4B65B400869259 /* CodeMobile-Bridging-Header.h */ = {isa = PBXFileReference; lastKnownFileType = sourcecode.c.h; path = "CodeMobile-Bridging-Header.h"; sourceTree = "<group>"; };
		BFEA19D91E4B700300869259 /* FilterViewController.swift */ = {isa = PBXFileReference; fileEncoding = 4; lastKnownFileType = sourcecode.swift; path = FilterViewController.swift; sourceTree = "<group>"; };
/* End PBXFileReference section */

/* Begin PBXFrameworksBuildPhase section */
		BFC6944F1E30B44D006C24C5 /* Frameworks */ = {
			isa = PBXFrameworksBuildPhase;
			buildActionMask = 2147483647;
			files = (
				E6533D55B76E37ADCB29FAEE /* Pods_CodeMobile.framework in Frameworks */,
			);
			runOnlyForDeploymentPostprocessing = 0;
		};
/* End PBXFrameworksBuildPhase section */

/* Begin PBXGroup section */
		2C421246841D7CE5EF510FC2 /* Pods */ = {
			isa = PBXGroup;
			children = (
				833D53977BFEDD50DFC0CDC3 /* Pods-CodeMobile.debug.xcconfig */,
				1C1DB9F7928E11419EBB426D /* Pods-CodeMobile.release.xcconfig */,
			);
			name = Pods;
			sourceTree = "<group>";
		};
		8FC5C2E52D18A31266AB9080 /* Frameworks */ = {
			isa = PBXGroup;
			children = (
				39586D35D8A21E61594C59BE /* Pods_CodeMobile.framework */,
			);
			name = Frameworks;
			sourceTree = "<group>";
		};
		BF6269DF1E4888E900A67A84 /* Extensions */ = {
			isa = PBXGroup;
			children = (
				BF6269DD1E4888E500A67A84 /* NSDateExtensions.swift */,
			);
			name = Extensions;
			sourceTree = "<group>";
		};
		BFC694491E30B44D006C24C5 = {
			isa = PBXGroup;
			children = (
				BFC694541E30B44D006C24C5 /* CodeMobile */,
				BFC694531E30B44D006C24C5 /* Products */,
				2C421246841D7CE5EF510FC2 /* Pods */,
				8FC5C2E52D18A31266AB9080 /* Frameworks */,
			);
			sourceTree = "<group>";
		};
		BFC694531E30B44D006C24C5 /* Products */ = {
			isa = PBXGroup;
			children = (
				BFC694521E30B44D006C24C5 /* CodeMobile.app */,
			);
			name = Products;
			sourceTree = "<group>";
		};
		BFC694541E30B44D006C24C5 /* CodeMobile */ = {
			isa = PBXGroup;
			children = (
				BFC694591E30B44D006C24C5 /* Main.storyboard */,
				BFC694721E30BF04006C24C5 /* View Controllers */,
				BFC6946D1E30BE8A006C24C5 /* Api */,
				BFC694731E30BF23006C24C5 /* Core Data */,
				BFCA1F7E1E41EC5C00BA42A2 /* UI Controls */,
				BF6269DF1E4888E900A67A84 /* Extensions */,
				BFDCC7BA1E4DD26F004CD420 /* Constants */,
				BFC6946A1E30B509006C24C5 /* Supporting FIles */,
			);
			path = CodeMobile;
			sourceTree = "<group>";
		};
		BFC6946A1E30B509006C24C5 /* Supporting FIles */ = {
			isa = PBXGroup;
			children = (
				BFEA19D81E4B65B400869259 /* CodeMobile-Bridging-Header.h */,
				BFC694551E30B44D006C24C5 /* AppDelegate.swift */,
				BFC6945F1E30B44D006C24C5 /* Assets.xcassets */,
				BFC694611E30B44D006C24C5 /* LaunchScreen.storyboard */,
				BFC694641E30B44D006C24C5 /* Info.plist */,
			);
			name = "Supporting FIles";
			sourceTree = "<group>";
		};
		BFC6946D1E30BE8A006C24C5 /* Api */ = {
			isa = PBXGroup;
			children = (
				BFC6946B1E30BCDC006C24C5 /* ApiHandler.swift */,
			);
			name = Api;
			sourceTree = "<group>";
		};
		BFC694721E30BF04006C24C5 /* View Controllers */ = {
			isa = PBXGroup;
			children = (
				BFB706FE1E324DA700D3CDF2 /* HomeViewController.swift */,
				BFDEFBD81E3B7DB5008C99BA /* SpeakersViewController.swift */,
				BFC694701E30BEFF006C24C5 /* ScheduleViewController.swift */,
				BF1F21141E44A0B90072E991 /* DetailViewController.swift */,
				BFEA19D91E4B700300869259 /* FilterViewController.swift */,
				BFDEFBDA1E3B7DC0008C99BA /* MapViewController.swift */,
				BFD989BD1E4DF8EF00F2DF67 /* MapDetailViewController.swift */,
			);
			name = "View Controllers";
			sourceTree = "<group>";
		};
		BFC694731E30BF23006C24C5 /* Core Data */ = {
			isa = PBXGroup;
			children = (
				BFC6945C1E30B44D006C24C5 /* CodeMobile.xcdatamodeld */,
				BFC6949B1E30EFE1006C24C5 /* CoreDataHandler.swift */,
			);
			name = "Core Data";
			sourceTree = "<group>";
		};
		BFCA1F7E1E41EC5C00BA42A2 /* UI Controls */ = {
			isa = PBXGroup;
			children = (
				BFCA1F7C1E41EC5300BA42A2 /* ImageViewRadius.swift */,
				BFCA1F841E41F57200BA42A2 /* CollectionViewCellRadius.swift */,
			);
			name = "UI Controls";
			sourceTree = "<group>";
		};
		BFDCC7BA1E4DD26F004CD420 /* Constants */ = {
			isa = PBXGroup;
			children = (
				BFDCC7BB1E4DD314004CD420 /* Commands.swift */,
				BFDCC7BD1E4DD322004CD420 /* Colours.swift */,
				BFDCC7BF1E4DD37D004CD420 /* Entities.swift */,
			);
			name = Constants;
			sourceTree = "<group>";
		};
/* End PBXGroup section */

/* Begin PBXNativeTarget section */
		BFC694511E30B44D006C24C5 /* CodeMobile */ = {
			isa = PBXNativeTarget;
			buildConfigurationList = BFC694671E30B44D006C24C5 /* Build configuration list for PBXNativeTarget "CodeMobile" */;
			buildPhases = (
				68F1B945A757F5B5ED4A2617 /* [CP] Check Pods Manifest.lock */,
				BFC6944E1E30B44D006C24C5 /* Sources */,
				BFC6944F1E30B44D006C24C5 /* Frameworks */,
				BFC694501E30B44D006C24C5 /* Resources */,
				E223BA8765582CF69FFE4918 /* [CP] Embed Pods Frameworks */,
				D5E325EFCE69CC1A5041DA1D /* [CP] Copy Pods Resources */,
				BFF8D8E71E4356740072FEE8 /* ShellScript */,
			);
			buildRules = (
			);
			dependencies = (
			);
			name = CodeMobile;
			productName = CodeMobile;
			productReference = BFC694521E30B44D006C24C5 /* CodeMobile.app */;
			productType = "com.apple.product-type.application";
		};
/* End PBXNativeTarget section */

/* Begin PBXProject section */
		BFC6944A1E30B44D006C24C5 /* Project object */ = {
			isa = PBXProject;
			attributes = {
				LastSwiftUpdateCheck = 0820;
				LastUpgradeCheck = 0820;
				ORGANIZATIONNAME = Footsqueek;
				TargetAttributes = {
					BFC694511E30B44D006C24C5 = {
						CreatedOnToolsVersion = 8.2.1;
						DevelopmentTeam = 558X48344N;
						LastSwiftMigration = 0820;
						ProvisioningStyle = Automatic;
					};
				};
			};
			buildConfigurationList = BFC6944D1E30B44D006C24C5 /* Build configuration list for PBXProject "CodeMobile" */;
			compatibilityVersion = "Xcode 3.2";
			developmentRegion = English;
			hasScannedForEncodings = 0;
			knownRegions = (
				en,
				Base,
			);
			mainGroup = BFC694491E30B44D006C24C5;
			productRefGroup = BFC694531E30B44D006C24C5 /* Products */;
			projectDirPath = "";
			projectRoot = "";
			targets = (
				BFC694511E30B44D006C24C5 /* CodeMobile */,
			);
		};
/* End PBXProject section */

/* Begin PBXResourcesBuildPhase section */
		BFC694501E30B44D006C24C5 /* Resources */ = {
			isa = PBXResourcesBuildPhase;
			buildActionMask = 2147483647;
			files = (
				BFC694631E30B44D006C24C5 /* LaunchScreen.storyboard in Resources */,
				BFC694601E30B44D006C24C5 /* Assets.xcassets in Resources */,
				BFC6945B1E30B44D006C24C5 /* Main.storyboard in Resources */,
			);
			runOnlyForDeploymentPostprocessing = 0;
		};
/* End PBXResourcesBuildPhase section */

/* Begin PBXShellScriptBuildPhase section */
		68F1B945A757F5B5ED4A2617 /* [CP] Check Pods Manifest.lock */ = {
			isa = PBXShellScriptBuildPhase;
			buildActionMask = 2147483647;
			files = (
			);
			inputPaths = (
			);
			name = "[CP] Check Pods Manifest.lock";
			outputPaths = (
			);
			runOnlyForDeploymentPostprocessing = 0;
			shellPath = /bin/sh;
			shellScript = "diff \"${PODS_ROOT}/../Podfile.lock\" \"${PODS_ROOT}/Manifest.lock\" > /dev/null\nif [ $? != 0 ] ; then\n    # print error to STDERR\n    echo \"error: The sandbox is not in sync with the Podfile.lock. Run 'pod install' or update your CocoaPods installation.\" >&2\n    exit 1\nfi\n";
			showEnvVarsInLog = 0;
		};
		BFF8D8E71E4356740072FEE8 /* ShellScript */ = {
			isa = PBXShellScriptBuildPhase;
			buildActionMask = 2147483647;
			files = (
			);
			inputPaths = (
			);
			outputPaths = (
			);
			runOnlyForDeploymentPostprocessing = 0;
			shellPath = /bin/sh;
			shellScript = "\"${PODS_ROOT}/Fabric/run\" 97fa31712870af6845364de30a096251583d51b2 f57d563d085231d0891b7ea7793aa198094cc4208a1866e66c7e799c86c5dfe4";
		};
		D5E325EFCE69CC1A5041DA1D /* [CP] Copy Pods Resources */ = {
			isa = PBXShellScriptBuildPhase;
			buildActionMask = 2147483647;
			files = (
			);
			inputPaths = (
			);
			name = "[CP] Copy Pods Resources";
			outputPaths = (
			);
			runOnlyForDeploymentPostprocessing = 0;
			shellPath = /bin/sh;
			shellScript = "\"${SRCROOT}/Pods/Target Support Files/Pods-CodeMobile/Pods-CodeMobile-resources.sh\"\n";
			showEnvVarsInLog = 0;
		};
		E223BA8765582CF69FFE4918 /* [CP] Embed Pods Frameworks */ = {
			isa = PBXShellScriptBuildPhase;
			buildActionMask = 2147483647;
			files = (
			);
			inputPaths = (
			);
			name = "[CP] Embed Pods Frameworks";
			outputPaths = (
			);
			runOnlyForDeploymentPostprocessing = 0;
			shellPath = /bin/sh;
			shellScript = "\"${SRCROOT}/Pods/Target Support Files/Pods-CodeMobile/Pods-CodeMobile-frameworks.sh\"\n";
			showEnvVarsInLog = 0;
		};
/* End PBXShellScriptBuildPhase section */

/* Begin PBXSourcesBuildPhase section */
		BFC6944E1E30B44D006C24C5 /* Sources */ = {
			isa = PBXSourcesBuildPhase;
			buildActionMask = 2147483647;
			files = (
				BF1F21151E44A0B90072E991 /* DetailViewController.swift in Sources */,
				BFCA1F851E41F57200BA42A2 /* CollectionViewCellRadius.swift in Sources */,
				BFC6945E1E30B44D006C24C5 /* CodeMobile.xcdatamodeld in Sources */,
				BFC6949C1E30EFE1006C24C5 /* CoreDataHandler.swift in Sources */,
				BFD989BE1E4DF8EF00F2DF67 /* MapDetailViewController.swift in Sources */,
				BFCA1F7D1E41EC5300BA42A2 /* ImageViewRadius.swift in Sources */,
				BFC694561E30B44D006C24C5 /* AppDelegate.swift in Sources */,
				BFC6946C1E30BCDC006C24C5 /* ApiHandler.swift in Sources */,
				BFEA19DA1E4B700300869259 /* FilterViewController.swift in Sources */,
				BFC694711E30BEFF006C24C5 /* ScheduleViewController.swift in Sources */,
				BF6269DE1E4888E500A67A84 /* NSDateExtensions.swift in Sources */,
				BFDEFBD91E3B7DB5008C99BA /* SpeakersViewController.swift in Sources */,
				BFB706FF1E324DA800D3CDF2 /* HomeViewController.swift in Sources */,
				BFDEFBDB1E3B7DC0008C99BA /* MapViewController.swift in Sources */,
				BFDCC7BC1E4DD314004CD420 /* Commands.swift in Sources */,
				BFDCC7C01E4DD37D004CD420 /* Entities.swift in Sources */,
				BFDCC7BE1E4DD322004CD420 /* Colours.swift in Sources */,
			);
			runOnlyForDeploymentPostprocessing = 0;
		};
/* End PBXSourcesBuildPhase section */

/* Begin PBXVariantGroup section */
		BFC694591E30B44D006C24C5 /* Main.storyboard */ = {
			isa = PBXVariantGroup;
			children = (
				BFC6945A1E30B44D006C24C5 /* Base */,
			);
			name = Main.storyboard;
			sourceTree = "<group>";
		};
		BFC694611E30B44D006C24C5 /* LaunchScreen.storyboard */ = {
			isa = PBXVariantGroup;
			children = (
				BFC694621E30B44D006C24C5 /* Base */,
			);
			name = LaunchScreen.storyboard;
			sourceTree = "<group>";
		};
/* End PBXVariantGroup section */

/* Begin XCBuildConfiguration section */
		BFC694651E30B44D006C24C5 /* Debug */ = {
			isa = XCBuildConfiguration;
			buildSettings = {
				ALWAYS_SEARCH_USER_PATHS = NO;
				CLANG_ANALYZER_NONNULL = YES;
				CLANG_CXX_LANGUAGE_STANDARD = "gnu++0x";
				CLANG_CXX_LIBRARY = "libc++";
				CLANG_ENABLE_MODULES = YES;
				CLANG_ENABLE_OBJC_ARC = YES;
				CLANG_WARN_BOOL_CONVERSION = YES;
				CLANG_WARN_CONSTANT_CONVERSION = YES;
				CLANG_WARN_DIRECT_OBJC_ISA_USAGE = YES_ERROR;
				CLANG_WARN_DOCUMENTATION_COMMENTS = YES;
				CLANG_WARN_EMPTY_BODY = YES;
				CLANG_WARN_ENUM_CONVERSION = YES;
				CLANG_WARN_INFINITE_RECURSION = YES;
				CLANG_WARN_INT_CONVERSION = YES;
				CLANG_WARN_OBJC_ROOT_CLASS = YES_ERROR;
				CLANG_WARN_SUSPICIOUS_MOVE = YES;
				CLANG_WARN_UNREACHABLE_CODE = YES;
				CLANG_WARN__DUPLICATE_METHOD_MATCH = YES;
				"CODE_SIGN_IDENTITY[sdk=iphoneos*]" = "iPhone Developer";
				COPY_PHASE_STRIP = NO;
				DEBUG_INFORMATION_FORMAT = dwarf;
				ENABLE_STRICT_OBJC_MSGSEND = YES;
				ENABLE_TESTABILITY = YES;
				GCC_C_LANGUAGE_STANDARD = gnu99;
				GCC_DYNAMIC_NO_PIC = NO;
				GCC_NO_COMMON_BLOCKS = YES;
				GCC_OPTIMIZATION_LEVEL = 0;
				GCC_PREPROCESSOR_DEFINITIONS = (
					"DEBUG=1",
					"$(inherited)",
				);
				GCC_WARN_64_TO_32_BIT_CONVERSION = YES;
				GCC_WARN_ABOUT_RETURN_TYPE = YES_ERROR;
				GCC_WARN_UNDECLARED_SELECTOR = YES;
				GCC_WARN_UNINITIALIZED_AUTOS = YES_AGGRESSIVE;
				GCC_WARN_UNUSED_FUNCTION = YES;
				GCC_WARN_UNUSED_VARIABLE = YES;
				IPHONEOS_DEPLOYMENT_TARGET = 10.0;
				MTL_ENABLE_DEBUG_INFO = YES;
				ONLY_ACTIVE_ARCH = YES;
				SDKROOT = iphoneos;
				SWIFT_ACTIVE_COMPILATION_CONDITIONS = DEBUG;
				SWIFT_OPTIMIZATION_LEVEL = "-Onone";
				TARGETED_DEVICE_FAMILY = "1,2";
			};
			name = Debug;
		};
		BFC694661E30B44D006C24C5 /* Release */ = {
			isa = XCBuildConfiguration;
			buildSettings = {
				ALWAYS_SEARCH_USER_PATHS = NO;
				CLANG_ANALYZER_NONNULL = YES;
				CLANG_CXX_LANGUAGE_STANDARD = "gnu++0x";
				CLANG_CXX_LIBRARY = "libc++";
				CLANG_ENABLE_MODULES = YES;
				CLANG_ENABLE_OBJC_ARC = YES;
				CLANG_WARN_BOOL_CONVERSION = YES;
				CLANG_WARN_CONSTANT_CONVERSION = YES;
				CLANG_WARN_DIRECT_OBJC_ISA_USAGE = YES_ERROR;
				CLANG_WARN_DOCUMENTATION_COMMENTS = YES;
				CLANG_WARN_EMPTY_BODY = YES;
				CLANG_WARN_ENUM_CONVERSION = YES;
				CLANG_WARN_INFINITE_RECURSION = YES;
				CLANG_WARN_INT_CONVERSION = YES;
				CLANG_WARN_OBJC_ROOT_CLASS = YES_ERROR;
				CLANG_WARN_SUSPICIOUS_MOVE = YES;
				CLANG_WARN_UNREACHABLE_CODE = YES;
				CLANG_WARN__DUPLICATE_METHOD_MATCH = YES;
				"CODE_SIGN_IDENTITY[sdk=iphoneos*]" = "iPhone Developer";
				COPY_PHASE_STRIP = NO;
				DEBUG_INFORMATION_FORMAT = "dwarf-with-dsym";
				ENABLE_NS_ASSERTIONS = NO;
				ENABLE_STRICT_OBJC_MSGSEND = YES;
				GCC_C_LANGUAGE_STANDARD = gnu99;
				GCC_NO_COMMON_BLOCKS = YES;
				GCC_OPTIMIZATION_LEVEL = 0;
				GCC_WARN_64_TO_32_BIT_CONVERSION = YES;
				GCC_WARN_ABOUT_RETURN_TYPE = YES_ERROR;
				GCC_WARN_UNDECLARED_SELECTOR = YES;
				GCC_WARN_UNINITIALIZED_AUTOS = YES_AGGRESSIVE;
				GCC_WARN_UNUSED_FUNCTION = YES;
				GCC_WARN_UNUSED_VARIABLE = YES;
				IPHONEOS_DEPLOYMENT_TARGET = 10.0;
				MTL_ENABLE_DEBUG_INFO = NO;
				SDKROOT = iphoneos;
				SWIFT_OPTIMIZATION_LEVEL = "-Owholemodule";
				TARGETED_DEVICE_FAMILY = "1,2";
				VALIDATE_PRODUCT = YES;
			};
			name = Release;
		};
		BFC694681E30B44D006C24C5 /* Debug */ = {
			isa = XCBuildConfiguration;
			baseConfigurationReference = 833D53977BFEDD50DFC0CDC3 /* Pods-CodeMobile.debug.xcconfig */;
			buildSettings = {
				ALWAYS_EMBED_SWIFT_STANDARD_LIBRARIES = YES;
				ASSETCATALOG_COMPILER_APPICON_NAME = AppIcon;
				CLANG_ENABLE_MODULES = YES;
				DEBUG_INFORMATION_FORMAT = "dwarf-with-dsym";
				DEVELOPMENT_TEAM = 558X48344N;
				INFOPLIST_FILE = CodeMobile/Info.plist;
				LD_RUNPATH_SEARCH_PATHS = "$(inherited) @executable_path/Frameworks";
				PRODUCT_BUNDLE_IDENTIFIER = com.Footsqueek.CodeMobile;
				PRODUCT_NAME = "$(TARGET_NAME)";
				SWIFT_OBJC_BRIDGING_HEADER = "CodeMobile/CodeMobile-Bridging-Header.h";
				SWIFT_OPTIMIZATION_LEVEL = "-Onone";
				SWIFT_VERSION = 3.0;
				TARGETED_DEVICE_FAMILY = "1,2";
			};
			name = Debug;
		};
		BFC694691E30B44D006C24C5 /* Release */ = {
			isa = XCBuildConfiguration;
			baseConfigurationReference = 1C1DB9F7928E11419EBB426D /* Pods-CodeMobile.release.xcconfig */;
			buildSettings = {
				ALWAYS_EMBED_SWIFT_STANDARD_LIBRARIES = YES;
				ASSETCATALOG_COMPILER_APPICON_NAME = AppIcon;
				CLANG_ENABLE_MODULES = YES;
				DEVELOPMENT_TEAM = 558X48344N;
				INFOPLIST_FILE = CodeMobile/Info.plist;
				LD_RUNPATH_SEARCH_PATHS = "$(inherited) @executable_path/Frameworks";
				PRODUCT_BUNDLE_IDENTIFIER = com.Footsqueek.CodeMobile;
				PRODUCT_NAME = "$(TARGET_NAME)";
				SWIFT_OBJC_BRIDGING_HEADER = "CodeMobile/CodeMobile-Bridging-Header.h";
				SWIFT_OPTIMIZATION_LEVEL = "-Owholemodule";
				SWIFT_VERSION = 3.0;
				TARGETED_DEVICE_FAMILY = "1,2";
			};
			name = Release;
		};
/* End XCBuildConfiguration section */

/* Begin XCConfigurationList section */
		BFC6944D1E30B44D006C24C5 /* Build configuration list for PBXProject "CodeMobile" */ = {
			isa = XCConfigurationList;
			buildConfigurations = (
				BFC694651E30B44D006C24C5 /* Debug */,
				BFC694661E30B44D006C24C5 /* Release */,
			);
			defaultConfigurationIsVisible = 0;
			defaultConfigurationName = Release;
		};
		BFC694671E30B44D006C24C5 /* Build configuration list for PBXNativeTarget "CodeMobile" */ = {
			isa = XCConfigurationList;
			buildConfigurations = (
				BFC694681E30B44D006C24C5 /* Debug */,
				BFC694691E30B44D006C24C5 /* Release */,
			);
			defaultConfigurationIsVisible = 0;
			defaultConfigurationName = Release;
		};
/* End XCConfigurationList section */

/* Begin XCVersionGroup section */
		BFC6945C1E30B44D006C24C5 /* CodeMobile.xcdatamodeld */ = {
			isa = XCVersionGroup;
			children = (
				BFC6945D1E30B44D006C24C5 /* CodeMobile.xcdatamodel */,
			);
			currentVersion = BFC6945D1E30B44D006C24C5 /* CodeMobile.xcdatamodel */;
			path = CodeMobile.xcdatamodeld;
			sourceTree = "<group>";
			versionGroupType = wrapper.xcdatamodel;
		};
/* End XCVersionGroup section */
	};
	rootObject = BFC6944A1E30B44D006C24C5 /* Project object */;
}
